
Microsoft Visual Studio Solution File, Format Version 12.00
# Visual Studio 15
VisualStudioVersion = 15.0.27703.2035
MinimumVisualStudioVersion = 10.0.40219.1
Project("{FAE04EC0-301F-11D3-BF4B-00C04F79EFBC}") = "App01_ConsultarCEP.Android", "App01_ConsultarCEP\App01_ConsultarCEP.Android\App01_ConsultarCEP.Android.csproj", "{F00FBB58-A34E-404E-B73B-E26AB0100272}"
EndProject
Project("{FAE04EC0-301F-11D3-BF4B-00C04F79EFBC}") = "App01_ConsultarCEP.iOS", "App01_ConsultarCEP\App01_ConsultarCEP.iOS\App01_ConsultarCEP.iOS.csproj", "{E5828BBA-7C9F-49A2-80EB-18C39FC4FAFF}"
EndProject
Project("{FAE04EC0-301F-11D3-BF4B-00C04F79EFBC}") = "App01_ConsultarCEP.UWP", "App01_ConsultarCEP\App01_ConsultarCEP.UWP\App01_ConsultarCEP.UWP.csproj", "{B6993E00-F4E3-4F63-89D9-55650C205230}"
EndProject
Project("{FAE04EC0-301F-11D3-BF4B-00C04F79EFBC}") = "App01_ConsultarCEP", "App01_ConsultarCEP\App01_ConsultarCEP\App01_ConsultarCEP.csproj", "{48B8A569-2245-4C17-9866-ECA0124B7AD3}"
EndProject
Global
	GlobalSection(SolutionConfigurationPlatforms) = preSolution
		Ad-Hoc|Any CPU = Ad-Hoc|Any CPU
		Ad-Hoc|ARM = Ad-Hoc|ARM
		Ad-Hoc|iPhone = Ad-Hoc|iPhone
		Ad-Hoc|iPhoneSimulator = Ad-Hoc|iPhoneSimulator
		Ad-Hoc|x64 = Ad-Hoc|x64
		Ad-Hoc|x86 = Ad-Hoc|x86
		AppStore|Any CPU = AppStore|Any CPU
		AppStore|ARM = AppStore|ARM
		AppStore|iPhone = AppStore|iPhone
		AppStore|iPhoneSimulator = AppStore|iPhoneSimulator
		AppStore|x64 = AppStore|x64
		AppStore|x86 = AppStore|x86
		Debug|Any CPU = Debug|Any CPU
		Debug|ARM = Debug|ARM
		Debug|iPhone = Debug|iPhone
		Debug|iPhoneSimulator = Debug|iPhoneSimulator
		Debug|x64 = Debug|x64
		Debug|x86 = Debug|x86
		Release|Any CPU = Release|Any CPU
		Release|ARM = Release|ARM
		Release|iPhone = Release|iPhone
		Release|iPhoneSimulator = Release|iPhoneSimulator
		Release|x64 = Release|x64
		Release|x86 = Release|x86
	EndGlobalSection
	GlobalSection(ProjectConfigurationPlatforms) = postSolution
		{F00FBB58-A34E-404E-B73B-E26AB0100272}.Ad-Hoc|Any CPU.ActiveCfg = Release|Any CPU
		{F00FBB58-A34E-404E-B73B-E26AB0100272}.Ad-Hoc|Any CPU.Build.0 = Release|Any CPU
		{F00FBB58-A34E-404E-B73B-E26AB0100272}.Ad-Hoc|Any CPU.Deploy.0 = Release|Any CPU
		{F00FBB58-A34E-404E-B73B-E26AB0100272}.Ad-Hoc|ARM.ActiveCfg = Release|Any CPU
		{F00FBB58-A34E-404E-B73B-E26AB0100272}.Ad-Hoc|ARM.Build.0 = Release|Any CPU
		{F00FBB58-A34E-404E-B73B-E26AB0100272}.Ad-Hoc|ARM.Deploy.0 = Release|Any CPU
		{F00FBB58-A34E-404E-B73B-E26AB0100272}.Ad-Hoc|iPhone.ActiveCfg = Release|Any CPU
		{F00FBB58-A34E-404E-B73B-E26AB0100272}.Ad-Hoc|iPhone.Build.0 = Release|Any CPU
		{F00FBB58-A34E-404E-B73B-E26AB0100272}.Ad-Hoc|iPhone.Deploy.0 = Release|Any CPU
		{F00FBB58-A34E-404E-B73B-E26AB0100272}.Ad-Hoc|iPhoneSimulator.ActiveCfg = Release|Any CPU
		{F00FBB58-A34E-404E-B73B-E26AB0100272}.Ad-Hoc|iPhoneSimulator.Build.0 = Release|Any CPU
		{F00FBB58-A34E-404E-B73B-E26AB0100272}.Ad-Hoc|iPhoneSimulator.Deploy.0 = Release|Any CPU
		{F00FBB58-A34E-404E-B73B-E26AB0100272}.Ad-Hoc|x64.ActiveCfg = Release|Any CPU
		{F00FBB58-A34E-404E-B73B-E26AB0100272}.Ad-Hoc|x64.Build.0 = Release|Any CPU
		{F00FBB58-A34E-404E-B73B-E26AB0100272}.Ad-Hoc|x64.Deploy.0 = Release|Any CPU
		{F00FBB58-A34E-404E-B73B-E26AB0100272}.Ad-Hoc|x86.ActiveCfg = Release|Any CPU
		{F00FBB58-A34E-404E-B73B-E26AB0100272}.Ad-Hoc|x86.Build.0 = Release|Any CPU
		{F00FBB58-A34E-404E-B73B-E26AB0100272}.Ad-Hoc|x86.Deploy.0 = Release|Any CPU
		{F00FBB58-A34E-404E-B73B-E26AB0100272}.AppStore|Any CPU.ActiveCfg = Release|Any CPU
		{F00FBB58-A34E-404E-B73B-E26AB0100272}.AppStore|Any CPU.Build.0 = Release|Any CPU
		{F00FBB58-A34E-404E-B73B-E26AB0100272}.AppStore|Any CPU.Deploy.0 = Release|Any CPU
		{F00FBB58-A34E-404E-B73B-E26AB0100272}.AppStore|ARM.ActiveCfg = Release|Any CPU
		{F00FBB58-A34E-404E-B73B-E26AB0100272}.AppStore|ARM.Build.0 = Release|Any CPU
		{F00FBB58-A34E-404E-B73B-E26AB0100272}.AppStore|ARM.Deploy.0 = Release|Any CPU
		{F00FBB58-A34E-404E-B73B-E26AB0100272}.AppStore|iPhone.ActiveCfg = Release|Any CPU
		{F00FBB58-A34E-404E-B73B-E26AB0100272}.AppStore|iPhone.Build.0 = Release|Any CPU
		{F00FBB58-A34E-404E-B73B-E26AB0100272}.AppStore|iPhone.Deploy.0 = Release|Any CPU
		{F00FBB58-A34E-404E-B73B-E26AB0100272}.AppStore|iPhoneSimulator.ActiveCfg = Release|Any CPU
		{F00FBB58-A34E-404E-B73B-E26AB0100272}.AppStore|iPhoneSimulator.Build.0 = Release|Any CPU
		{F00FBB58-A34E-404E-B73B-E26AB0100272}.AppStore|iPhoneSimulator.Deploy.0 = Release|Any CPU
		{F00FBB58-A34E-404E-B73B-E26AB0100272}.AppStore|x64.ActiveCfg = Release|Any CPU
		{F00FBB58-A34E-404E-B73B-E26AB0100272}.AppStore|x64.Build.0 = Release|Any CPU
		{F00FBB58-A34E-404E-B73B-E26AB0100272}.AppStore|x64.Deploy.0 = Release|Any CPU
		{F00FBB58-A34E-404E-B73B-E26AB0100272}.AppStore|x86.ActiveCfg = Release|Any CPU
		{F00FBB58-A34E-404E-B73B-E26AB0100272}.AppStore|x86.Build.0 = Release|Any CPU
		{F00FBB58-A34E-404E-B73B-E26AB0100272}.AppStore|x86.Deploy.0 = Release|Any CPU
		{F00FBB58-A34E-404E-B73B-E26AB0100272}.Debug|Any CPU.ActiveCfg = Debug|Any CPU
		{F00FBB58-A34E-404E-B73B-E26AB0100272}.Debug|Any CPU.Build.0 = Debug|Any CPU
		{F00FBB58-A34E-404E-B73B-E26AB0100272}.Debug|Any CPU.Deploy.0 = Debug|Any CPU
		{F00FBB58-A34E-404E-B73B-E26AB0100272}.Debug|ARM.ActiveCfg = Debug|Any CPU
		{F00FBB58-A34E-404E-B73B-E26AB0100272}.Debug|ARM.Build.0 = Debug|Any CPU
		{F00FBB58-A34E-404E-B73B-E26AB0100272}.Debug|ARM.Deploy.0 = Debug|Any CPU
		{F00FBB58-A34E-404E-B73B-E26AB0100272}.Debug|iPhone.ActiveCfg = Debug|Any CPU
		{F00FBB58-A34E-404E-B73B-E26AB0100272}.Debug|iPhone.Build.0 = Debug|Any CPU
		{F00FBB58-A34E-404E-B73B-E26AB0100272}.Debug|iPhone.Deploy.0 = Debug|Any CPU
		{F00FBB58-A34E-404E-B73B-E26AB0100272}.Debug|iPhoneSimulator.ActiveCfg = Debug|Any CPU
		{F00FBB58-A34E-404E-B73B-E26AB0100272}.Debug|iPhoneSimulator.Build.0 = Debug|Any CPU
		{F00FBB58-A34E-404E-B73B-E26AB0100272}.Debug|iPhoneSimulator.Deploy.0 = Debug|Any CPU
		{F00FBB58-A34E-404E-B73B-E26AB0100272}.Debug|x64.ActiveCfg = Debug|Any CPU
		{F00FBB58-A34E-404E-B73B-E26AB0100272}.Debug|x64.Build.0 = Debug|Any CPU
		{F00FBB58-A34E-404E-B73B-E26AB0100272}.Debug|x64.Deploy.0 = Debug|Any CPU
		{F00FBB58-A34E-404E-B73B-E26AB0100272}.Debug|x86.ActiveCfg = Debug|Any CPU
		{F00FBB58-A34E-404E-B73B-E26AB0100272}.Debug|x86.Build.0 = Debug|Any CPU
		{F00FBB58-A34E-404E-B73B-E26AB0100272}.Debug|x86.Deploy.0 = Debug|Any CPU
		{F00FBB58-A34E-404E-B73B-E26AB0100272}.Release|Any CPU.ActiveCfg = Release|Any CPU
		{F00FBB58-A34E-404E-B73B-E26AB0100272}.Release|Any CPU.Build.0 = Release|Any CPU
		{F00FBB58-A34E-404E-B73B-E26AB0100272}.Release|Any CPU.Deploy.0 = Release|Any CPU
		{F00FBB58-A34E-404E-B73B-E26AB0100272}.Release|ARM.ActiveCfg = Release|Any CPU
		{F00FBB58-A34E-404E-B73B-E26AB0100272}.Release|ARM.Build.0 = Release|Any CPU
		{F00FBB58-A34E-404E-B73B-E26AB0100272}.Release|ARM.Deploy.0 = Release|Any CPU
		{F00FBB58-A34E-404E-B73B-E26AB0100272}.Release|iPhone.ActiveCfg = Release|Any CPU
		{F00FBB58-A34E-404E-B73B-E26AB0100272}.Release|iPhone.Build.0 = Release|Any CPU
		{F00FBB58-A34E-404E-B73B-E26AB0100272}.Release|iPhone.Deploy.0 = Release|Any CPU
		{F00FBB58-A34E-404E-B73B-E26AB0100272}.Release|iPhoneSimulator.ActiveCfg = Release|Any CPU
		{F00FBB58-A34E-404E-B73B-E26AB0100272}.Release|iPhoneSimulator.Build.0 = Release|Any CPU
		{F00FBB58-A34E-404E-B73B-E26AB0100272}.Release|iPhoneSimulator.Deploy.0 = Release|Any CPU
		{F00FBB58-A34E-404E-B73B-E26AB0100272}.Release|x64.ActiveCfg = Release|Any CPU
		{F00FBB58-A34E-404E-B73B-E26AB0100272}.Release|x64.Build.0 = Release|Any CPU
		{F00FBB58-A34E-404E-B73B-E26AB0100272}.Release|x64.Deploy.0 = Release|Any CPU
		{F00FBB58-A34E-404E-B73B-E26AB0100272}.Release|x86.ActiveCfg = Release|Any CPU
		{F00FBB58-A34E-404E-B73B-E26AB0100272}.Release|x86.Build.0 = Release|Any CPU
		{F00FBB58-A34E-404E-B73B-E26AB0100272}.Release|x86.Deploy.0 = Release|Any CPU
		{E5828BBA-7C9F-49A2-80EB-18C39FC4FAFF}.Ad-Hoc|Any CPU.ActiveCfg = Ad-Hoc|iPhone
		{E5828BBA-7C9F-49A2-80EB-18C39FC4FAFF}.Ad-Hoc|Any CPU.Build.0 = Ad-Hoc|iPhone
		{E5828BBA-7C9F-49A2-80EB-18C39FC4FAFF}.Ad-Hoc|Any CPU.Deploy.0 = Ad-Hoc|iPhone
		{E5828BBA-7C9F-49A2-80EB-18C39FC4FAFF}.Ad-Hoc|ARM.ActiveCfg = Ad-Hoc|iPhone
		{E5828BBA-7C9F-49A2-80EB-18C39FC4FAFF}.Ad-Hoc|ARM.Build.0 = Ad-Hoc|iPhone
		{E5828BBA-7C9F-49A2-80EB-18C39FC4FAFF}.Ad-Hoc|ARM.Deploy.0 = Ad-Hoc|iPhone
		{E5828BBA-7C9F-49A2-80EB-18C39FC4FAFF}.Ad-Hoc|iPhone.ActiveCfg = Ad-Hoc|iPhone
		{E5828BBA-7C9F-49A2-80EB-18C39FC4FAFF}.Ad-Hoc|iPhone.Build.0 = Ad-Hoc|iPhone
		{E5828BBA-7C9F-49A2-80EB-18C39FC4FAFF}.Ad-Hoc|iPhone.Deploy.0 = Ad-Hoc|iPhone
		{E5828BBA-7C9F-49A2-80EB-18C39FC4FAFF}.Ad-Hoc|iPhoneSimulator.ActiveCfg = Ad-Hoc|iPhoneSimulator
		{E5828BBA-7C9F-49A2-80EB-18C39FC4FAFF}.Ad-Hoc|iPhoneSimulator.Build.0 = Ad-Hoc|iPhoneSimulator
		{E5828BBA-7C9F-49A2-80EB-18C39FC4FAFF}.Ad-Hoc|iPhoneSimulator.Deploy.0 = Ad-Hoc|iPhoneSimulator
		{E5828BBA-7C9F-49A2-80EB-18C39FC4FAFF}.Ad-Hoc|x64.ActiveCfg = Ad-Hoc|iPhone
		{E5828BBA-7C9F-49A2-80EB-18C39FC4FAFF}.Ad-Hoc|x64.Build.0 = Ad-Hoc|iPhone
		{E5828BBA-7C9F-49A2-80EB-18C39FC4FAFF}.Ad-Hoc|x64.Deploy.0 = Ad-Hoc|iPhone
		{E5828BBA-7C9F-49A2-80EB-18C39FC4FAFF}.Ad-Hoc|x86.ActiveCfg = Ad-Hoc|iPhone
		{E5828BBA-7C9F-49A2-80EB-18C39FC4FAFF}.Ad-Hoc|x86.Build.0 = Ad-Hoc|iPhone
		{E5828BBA-7C9F-49A2-80EB-18C39FC4FAFF}.Ad-Hoc|x86.Deploy.0 = Ad-Hoc|iPhone
		{E5828BBA-7C9F-49A2-80EB-18C39FC4FAFF}.AppStore|Any CPU.ActiveCfg = AppStore|iPhone
		{E5828BBA-7C9F-49A2-80EB-18C39FC4FAFF}.AppStore|Any CPU.Build.0 = AppStore|iPhone
		{E5828BBA-7C9F-49A2-80EB-18C39FC4FAFF}.AppStore|Any CPU.Deploy.0 = AppStore|iPhone
		{E5828BBA-7C9F-49A2-80EB-18C39FC4FAFF}.AppStore|ARM.ActiveCfg = AppStore|iPhone
		{E5828BBA-7C9F-49A2-80EB-18C39FC4FAFF}.AppStore|ARM.Build.0 = AppStore|iPhone
		{E5828BBA-7C9F-49A2-80EB-18C39FC4FAFF}.AppStore|ARM.Deploy.0 = AppStore|iPhone
		{E5828BBA-7C9F-49A2-80EB-18C39FC4FAFF}.AppStore|iPhone.ActiveCfg = AppStore|iPhone
		{E5828BBA-7C9F-49A2-80EB-18C39FC4FAFF}.AppStore|iPhone.Build.0 = AppStore|iPhone
		{E5828BBA-7C9F-49A2-80EB-18C39FC4FAFF}.AppStore|iPhone.Deploy.0 = AppStore|iPhone
		{E5828BBA-7C9F-49A2-80EB-18C39FC4FAFF}.AppStore|iPhoneSimulator.ActiveCfg = AppStore|iPhoneSimulator
		{E5828BBA-7C9F-49A2-80EB-18C39FC4FAFF}.AppStore|iPhoneSimulator.Build.0 = AppStore|iPhoneSimulator
		{E5828BBA-7C9F-49A2-80EB-18C39FC4FAFF}.AppStore|iPhoneSimulator.Deploy.0 = AppStore|iPhoneSimulator
		{E5828BBA-7C9F-49A2-80EB-18C39FC4FAFF}.AppStore|x64.ActiveCfg = AppStore|iPhone
		{E5828BBA-7C9F-49A2-80EB-18C39FC4FAFF}.AppStore|x64.Build.0 = AppStore|iPhone
		{E5828BBA-7C9F-49A2-80EB-18C39FC4FAFF}.AppStore|x64.Deploy.0 = AppStore|iPhone
		{E5828BBA-7C9F-49A2-80EB-18C39FC4FAFF}.AppStore|x86.ActiveCfg = AppStore|iPhone
		{E5828BBA-7C9F-49A2-80EB-18C39FC4FAFF}.AppStore|x86.Build.0 = AppStore|iPhone
		{E5828BBA-7C9F-49A2-80EB-18C39FC4FAFF}.AppStore|x86.Deploy.0 = AppStore|iPhone
		{E5828BBA-7C9F-49A2-80EB-18C39FC4FAFF}.Debug|Any CPU.ActiveCfg = Debug|iPhoneSimulator
		{E5828BBA-7C9F-49A2-80EB-18C39FC4FAFF}.Debug|Any CPU.Build.0 = Debug|iPhoneSimulator
		{E5828BBA-7C9F-49A2-80EB-18C39FC4FAFF}.Debug|Any CPU.Deploy.0 = Debug|iPhoneSimulator
		{E5828BBA-7C9F-49A2-80EB-18C39FC4FAFF}.Debug|ARM.ActiveCfg = Debug|iPhone
		{E5828BBA-7C9F-49A2-80EB-18C39FC4FAFF}.Debug|ARM.Build.0 = Debug|iPhone
		{E5828BBA-7C9F-49A2-80EB-18C39FC4FAFF}.Debug|ARM.Deploy.0 = Debug|iPhone
		{E5828BBA-7C9F-49A2-80EB-18C39FC4FAFF}.Debug|iPhone.ActiveCfg = Debug|iPhone
		{E5828BBA-7C9F-49A2-80EB-18C39FC4FAFF}.Debug|iPhone.Build.0 = Debug|iPhone
		{E5828BBA-7C9F-49A2-80EB-18C39FC4FAFF}.Debug|iPhone.Deploy.0 = Debug|iPhone
		{E5828BBA-7C9F-49A2-80EB-18C39FC4FAFF}.Debug|iPhoneSimulator.ActiveCfg = Debug|iPhoneSimulator
		{E5828BBA-7C9F-49A2-80EB-18C39FC4FAFF}.Debug|iPhoneSimulator.Build.0 = Debug|iPhoneSimulator
		{E5828BBA-7C9F-49A2-80EB-18C39FC4FAFF}.Debug|iPhoneSimulator.Deploy.0 = Debug|iPhoneSimulator
		{E5828BBA-7C9F-49A2-80EB-18C39FC4FAFF}.Debug|x64.ActiveCfg = Debug|iPhone
		{E5828BBA-7C9F-49A2-80EB-18C39FC4FAFF}.Debug|x64.Build.0 = Debug|iPhone
		{E5828BBA-7C9F-49A2-80EB-18C39FC4FAFF}.Debug|x64.Deploy.0 = Debug|iPhone
		{E5828BBA-7C9F-49A2-80EB-18C39FC4FAFF}.Debug|x86.ActiveCfg = Debug|iPhone
		{E5828BBA-7C9F-49A2-80EB-18C39FC4FAFF}.Debug|x86.Build.0 = Debug|iPhone
		{E5828BBA-7C9F-49A2-80EB-18C39FC4FAFF}.Debug|x86.Deploy.0 = Debug|iPhone
		{E5828BBA-7C9F-49A2-80EB-18C39FC4FAFF}.Release|Any CPU.ActiveCfg = Release|iPhone
		{E5828BBA-7C9F-49A2-80EB-18C39FC4FAFF}.Release|Any CPU.Build.0 = Release|iPhone
		{E5828BBA-7C9F-49A2-80EB-18C39FC4FAFF}.Release|Any CPU.Deploy.0 = Release|iPhone
		{E5828BBA-7C9F-49A2-80EB-18C39FC4FAFF}.Release|ARM.ActiveCfg = Release|iPhone
		{E5828BBA-7C9F-49A2-80EB-18C39FC4FAFF}.Release|ARM.Build.0 = Release|iPhone
		{E5828BBA-7C9F-49A2-80EB-18C39FC4FAFF}.Release|ARM.Deploy.0 = Release|iPhone
		{E5828BBA-7C9F-49A2-80EB-18C39FC4FAFF}.Release|iPhone.ActiveCfg = Release|iPhone
		{E5828BBA-7C9F-49A2-80EB-18C39FC4FAFF}.Release|iPhone.Build.0 = Release|iPhone
		{E5828BBA-7C9F-49A2-80EB-18C39FC4FAFF}.Release|iPhone.Deploy.0 = Release|iPhone
		{E5828BBA-7C9F-49A2-80EB-18C39FC4FAFF}.Release|iPhoneSimulator.ActiveCfg = Release|iPhoneSimulator
		{E5828BBA-7C9F-49A2-80EB-18C39FC4FAFF}.Release|iPhoneSimulator.Build.0 = Release|iPhoneSimulator
		{E5828BBA-7C9F-49A2-80EB-18C39FC4FAFF}.Release|iPhoneSimulator.Deploy.0 = Release|iPhoneSimulator
		{E5828BBA-7C9F-49A2-80EB-18C39FC4FAFF}.Release|x64.ActiveCfg = Release|iPhone
		{E5828BBA-7C9F-49A2-80EB-18C39FC4FAFF}.Release|x64.Build.0 = Release|iPhone
		{E5828BBA-7C9F-49A2-80EB-18C39FC4FAFF}.Release|x64.Deploy.0 = Release|iPhone
		{E5828BBA-7C9F-49A2-80EB-18C39FC4FAFF}.Release|x86.ActiveCfg = Release|iPhone
		{E5828BBA-7C9F-49A2-80EB-18C39FC4FAFF}.Release|x86.Build.0 = Release|iPhone
		{E5828BBA-7C9F-49A2-80EB-18C39FC4FAFF}.Release|x86.Deploy.0 = Release|iPhone
		{B6993E00-F4E3-4F63-89D9-55650C205230}.Ad-Hoc|Any CPU.ActiveCfg = Release|x86
		{B6993E00-F4E3-4F63-89D9-55650C205230}.Ad-Hoc|Any CPU.Build.0 = Release|x86
		{B6993E00-F4E3-4F63-89D9-55650C205230}.Ad-Hoc|Any CPU.Deploy.0 = Release|x86
		{B6993E00-F4E3-4F63-89D9-55650C205230}.Ad-Hoc|ARM.ActiveCfg = Release|ARM
		{B6993E00-F4E3-4F63-89D9-55650C205230}.Ad-Hoc|ARM.Build.0 = Release|ARM
		{B6993E00-F4E3-4F63-89D9-55650C205230}.Ad-Hoc|ARM.Deploy.0 = Release|ARM
		{B6993E00-F4E3-4F63-89D9-55650C205230}.Ad-Hoc|iPhone.ActiveCfg = Release|x86
		{B6993E00-F4E3-4F63-89D9-55650C205230}.Ad-Hoc|iPhone.Build.0 = Release|x86
		{B6993E00-F4E3-4F63-89D9-55650C205230}.Ad-Hoc|iPhone.Deploy.0 = Release|x86
		{B6993E00-F4E3-4F63-89D9-55650C205230}.Ad-Hoc|iPhoneSimulator.ActiveCfg = Release|x86
		{B6993E00-F4E3-4F63-89D9-55650C205230}.Ad-Hoc|iPhoneSimulator.Build.0 = Release|x86
		{B6993E00-F4E3-4F63-89D9-55650C205230}.Ad-Hoc|iPhoneSimulator.Deploy.0 = Release|x86
		{B6993E00-F4E3-4F63-89D9-55650C205230}.Ad-Hoc|x64.ActiveCfg = Release|x64
		{B6993E00-F4E3-4F63-89D9-55650C205230}.Ad-Hoc|x64.Build.0 = Release|x64
		{B6993E00-F4E3-4F63-89D9-55650C205230}.Ad-Hoc|x64.Deploy.0 = Release|x64
		{B6993E00-F4E3-4F63-89D9-55650C205230}.Ad-Hoc|x86.ActiveCfg = Release|x86
		{B6993E00-F4E3-4F63-89D9-55650C205230}.Ad-Hoc|x86.Build.0 = Release|x86
		{B6993E00-F4E3-4F63-89D9-55650C205230}.Ad-Hoc|x86.Deploy.0 = Release|x86
		{B6993E00-F4E3-4F63-89D9-55650C205230}.AppStore|Any CPU.ActiveCfg = Release|x86
		{B6993E00-F4E3-4F63-89D9-55650C205230}.AppStore|Any CPU.Build.0 = Release|x86
		{B6993E00-F4E3-4F63-89D9-55650C205230}.AppStore|Any CPU.Deploy.0 = Release|x86
		{B6993E00-F4E3-4F63-89D9-55650C205230}.AppStore|ARM.ActiveCfg = Release|ARM
		{B6993E00-F4E3-4F63-89D9-55650C205230}.AppStore|ARM.Build.0 = Release|ARM
		{B6993E00-F4E3-4F63-89D9-55650C205230}.AppStore|ARM.Deploy.0 = Release|ARM
		{B6993E00-F4E3-4F63-89D9-55650C205230}.AppStore|iPhone.ActiveCfg = Release|x86
		{B6993E00-F4E3-4F63-89D9-55650C205230}.AppStore|iPhone.Build.0 = Release|x86
		{B6993E00-F4E3-4F63-89D9-55650C205230}.AppStore|iPhone.Deploy.0 = Release|x86
		{B6993E00-F4E3-4F63-89D9-55650C205230}.AppStore|iPhoneSimulator.ActiveCfg = Release|x86
		{B6993E00-F4E3-4F63-89D9-55650C205230}.AppStore|iPhoneSimulator.Build.0 = Release|x86
		{B6993E00-F4E3-4F63-89D9-55650C205230}.AppStore|iPhoneSimulator.Deploy.0 = Release|x86
		{B6993E00-F4E3-4F63-89D9-55650C205230}.AppStore|x64.ActiveCfg = Release|x64
		{B6993E00-F4E3-4F63-89D9-55650C205230}.AppStore|x64.Build.0 = Release|x64
		{B6993E00-F4E3-4F63-89D9-55650C205230}.AppStore|x64.Deploy.0 = Release|x64
		{B6993E00-F4E3-4F63-89D9-55650C205230}.AppStore|x86.ActiveCfg = Release|x86
		{B6993E00-F4E3-4F63-89D9-55650C205230}.AppStore|x86.Build.0 = Release|x86
		{B6993E00-F4E3-4F63-89D9-55650C205230}.AppStore|x86.Deploy.0 = Release|x86
		{B6993E00-F4E3-4F63-89D9-55650C205230}.Debug|Any CPU.ActiveCfg = Debug|x86
		{B6993E00-F4E3-4F63-89D9-55650C205230}.Debug|Any CPU.Build.0 = Debug|x86
		{B6993E00-F4E3-4F63-89D9-55650C205230}.Debug|Any CPU.Deploy.0 = Debug|x86
		{B6993E00-F4E3-4F63-89D9-55650C205230}.Debug|ARM.ActiveCfg = Debug|ARM
		{B6993E00-F4E3-4F63-89D9-55650C205230}.Debug|ARM.Build.0 = Debug|ARM
		{B6993E00-F4E3-4F63-89D9-55650C205230}.Debug|ARM.Deploy.0 = Debug|ARM
		{B6993E00-F4E3-4F63-89D9-55650C205230}.Debug|iPhone.ActiveCfg = Debug|x86
		{B6993E00-F4E3-4F63-89D9-55650C205230}.Debug|iPhone.Build.0 = Debug|x86
		{B6993E00-F4E3-4F63-89D9-55650C205230}.Debug|iPhone.Deploy.0 = Debug|x86
		{B6993E00-F4E3-4F63-89D9-55650C205230}.Debug|iPhoneSimulator.ActiveCfg = Debug|x86
		{B6993E00-F4E3-4F63-89D9-55650C205230}.Debug|iPhoneSimulator.Build.0 = Debug|x86
		{B6993E00-F4E3-4F63-89D9-55650C205230}.Debug|iPhoneSimulator.Deploy.0 = Debug|x86
		{B6993E00-F4E3-4F63-89D9-55650C205230}.Debug|x64.ActiveCfg = Debug|x64
		{B6993E00-F4E3-4F63-89D9-55650C205230}.Debug|x64.Build.0 = Debug|x64
		{B6993E00-F4E3-4F63-89D9-55650C205230}.Debug|x64.Deploy.0 = Debug|x64
		{B6993E00-F4E3-4F63-89D9-55650C205230}.Debug|x86.ActiveCfg = Debug|x86
		{B6993E00-F4E3-4F63-89D9-55650C205230}.Debug|x86.Build.0 = Debug|x86
		{B6993E00-F4E3-4F63-89D9-55650C205230}.Debug|x86.Deploy.0 = Debug|x86
		{B6993E00-F4E3-4F63-89D9-55650C205230}.Release|Any CPU.ActiveCfg = Release|x86
		{B6993E00-F4E3-4F63-89D9-55650C205230}.Release|Any CPU.Build.0 = Release|x86
		{B6993E00-F4E3-4F63-89D9-55650C205230}.Release|Any CPU.Deploy.0 = Release|x86
		{B6993E00-F4E3-4F63-89D9-55650C205230}.Release|ARM.ActiveCfg = Release|ARM
		{B6993E00-F4E3-4F63-89D9-55650C205230}.Release|ARM.Build.0 = Release|ARM
		{B6993E00-F4E3-4F63-89D9-55650C205230}.Release|ARM.Deploy.0 = Release|ARM
		{B6993E00-F4E3-4F63-89D9-55650C205230}.Release|iPhone.ActiveCfg = Release|x86
		{B6993E00-F4E3-4F63-89D9-55650C205230}.Release|iPhone.Build.0 = Release|x86
		{B6993E00-F4E3-4F63-89D9-55650C205230}.Release|iPhone.Deploy.0 = Release|x86
		{B6993E00-F4E3-4F63-89D9-55650C205230}.Release|iPhoneSimulator.ActiveCfg = Release|x86
		{B6993E00-F4E3-4F63-89D9-55650C205230}.Release|iPhoneSimulator.Build.0 = Release|x86
		{B6993E00-F4E3-4F63-89D9-55650C205230}.Release|iPhoneSimulator.Deploy.0 = Release|x86
		{B6993E00-F4E3-4F63-89D9-55650C205230}.Release|x64.ActiveCfg = Release|x64
		{B6993E00-F4E3-4F63-89D9-55650C205230}.Release|x64.Build.0 = Release|x64
		{B6993E00-F4E3-4F63-89D9-55650C205230}.Release|x64.Deploy.0 = Release|x64
		{B6993E00-F4E3-4F63-89D9-55650C205230}.Release|x86.ActiveCfg = Release|x86
		{B6993E00-F4E3-4F63-89D9-55650C205230}.Release|x86.Build.0 = Release|x86
		{B6993E00-F4E3-4F63-89D9-55650C205230}.Release|x86.Deploy.0 = Release|x86
		{48B8A569-2245-4C17-9866-ECA0124B7AD3}.Ad-Hoc|Any CPU.ActiveCfg = Debug|Any CPU
		{48B8A569-2245-4C17-9866-ECA0124B7AD3}.Ad-Hoc|Any CPU.Build.0 = Debug|Any CPU
		{48B8A569-2245-4C17-9866-ECA0124B7AD3}.Ad-Hoc|Any CPU.Deploy.0 = Debug|Any CPU
		{48B8A569-2245-4C17-9866-ECA0124B7AD3}.Ad-Hoc|ARM.ActiveCfg = Debug|Any CPU
		{48B8A569-2245-4C17-9866-ECA0124B7AD3}.Ad-Hoc|ARM.Build.0 = Debug|Any CPU
		{48B8A569-2245-4C17-9866-ECA0124B7AD3}.Ad-Hoc|ARM.Deploy.0 = Debug|Any CPU
		{48B8A569-2245-4C17-9866-ECA0124B7AD3}.Ad-Hoc|iPhone.ActiveCfg = Debug|Any CPU
		{48B8A569-2245-4C17-9866-ECA0124B7AD3}.Ad-Hoc|iPhone.Build.0 = Debug|Any CPU
		{48B8A569-2245-4C17-9866-ECA0124B7AD3}.Ad-Hoc|iPhone.Deploy.0 = Debug|Any CPU
		{48B8A569-2245-4C17-9866-ECA0124B7AD3}.Ad-Hoc|iPhoneSimulator.ActiveCfg = Debug|Any CPU
		{48B8A569-2245-4C17-9866-ECA0124B7AD3}.Ad-Hoc|iPhoneSimulator.Build.0 = Debug|Any CPU
		{48B8A569-2245-4C17-9866-ECA0124B7AD3}.Ad-Hoc|iPhoneSimulator.Deploy.0 = Debug|Any CPU
		{48B8A569-2245-4C17-9866-ECA0124B7AD3}.Ad-Hoc|x64.ActiveCfg = Debug|Any CPU
		{48B8A569-2245-4C17-9866-ECA0124B7AD3}.Ad-Hoc|x64.Build.0 = Debug|Any CPU
		{48B8A569-2245-4C17-9866-ECA0124B7AD3}.Ad-Hoc|x64.Deploy.0 = Debug|Any CPU
		{48B8A569-2245-4C17-9866-ECA0124B7AD3}.Ad-Hoc|x86.ActiveCfg = Debug|Any CPU
		{48B8A569-2245-4C17-9866-ECA0124B7AD3}.Ad-Hoc|x86.Build.0 = Debug|Any CPU
		{48B8A569-2245-4C17-9866-ECA0124B7AD3}.Ad-Hoc|x86.Deploy.0 = Debug|Any CPU
		{48B8A569-2245-4C17-9866-ECA0124B7AD3}.AppStore|Any CPU.ActiveCfg = Debug|Any CPU
		{48B8A569-2245-4C17-9866-ECA0124B7AD3}.AppStore|Any CPU.Build.0 = Debug|Any CPU
		{48B8A569-2245-4C17-9866-ECA0124B7AD3}.AppStore|Any CPU.Deploy.0 = Debug|Any CPU
		{48B8A569-2245-4C17-9866-ECA0124B7AD3}.AppStore|ARM.ActiveCfg = Debug|Any CPU
		{48B8A569-2245-4C17-9866-ECA0124B7AD3}.AppStore|ARM.Build.0 = Debug|Any CPU
		{48B8A569-2245-4C17-9866-ECA0124B7AD3}.AppStore|ARM.Deploy.0 = Debug|Any CPU
		{48B8A569-2245-4C17-9866-ECA0124B7AD3}.AppStore|iPhone.ActiveCfg = Debug|Any CPU
		{48B8A569-2245-4C17-9866-ECA0124B7AD3}.AppStore|iPhone.Build.0 = Debug|Any CPU
		{48B8A569-2245-4C17-9866-ECA0124B7AD3}.AppStore|iPhone.Deploy.0 = Debug|Any CPU
		{48B8A569-2245-4C17-9866-ECA0124B7AD3}.AppStore|iPhoneSimulator.ActiveCfg = Debug|Any CPU
		{48B8A569-2245-4C17-9866-ECA0124B7AD3}.AppStore|iPhoneSimulator.Build.0 = Debug|Any CPU
		{48B8A569-2245-4C17-9866-ECA0124B7AD3}.AppStore|iPhoneSimulator.Deploy.0 = Debug|Any CPU
		{48B8A569-2245-4C17-9866-ECA0124B7AD3}.AppStore|x64.ActiveCfg = Debug|Any CPU
		{48B8A569-2245-4C17-9866-ECA0124B7AD3}.AppStore|x64.Build.0 = Debug|Any CPU
		{48B8A569-2245-4C17-9866-ECA0124B7AD3}.AppStore|x64.Deploy.0 = Debug|Any CPU
		{48B8A569-2245-4C17-9866-ECA0124B7AD3}.AppStore|x86.ActiveCfg = Debug|Any CPU
		{48B8A569-2245-4C17-9866-ECA0124B7AD3}.AppStore|x86.Build.0 = Debug|Any CPU
		{48B8A569-2245-4C17-9866-ECA0124B7AD3}.AppStore|x86.Deploy.0 = Debug|Any CPU
		{48B8A569-2245-4C17-9866-ECA0124B7AD3}.Debug|Any CPU.ActiveCfg = Debug|Any CPU
		{48B8A569-2245-4C17-9866-ECA0124B7AD3}.Debug|Any CPU.Build.0 = Debug|Any CPU
		{48B8A569-2245-4C17-9866-ECA0124B7AD3}.Debug|Any CPU.Deploy.0 = Debug|Any CPU
		{48B8A569-2245-4C17-9866-ECA0124B7AD3}.Debug|ARM.ActiveCfg = Debug|Any CPU
		{48B8A569-2245-4C17-9866-ECA0124B7AD3}.Debug|ARM.Build.0 = Debug|Any CPU
		{48B8A569-2245-4C17-9866-ECA0124B7AD3}.Debug|ARM.Deploy.0 = Debug|Any CPU
		{48B8A569-2245-4C17-9866-ECA0124B7AD3}.Debug|iPhone.ActiveCfg = Debug|Any CPU
		{48B8A569-2245-4C17-9866-ECA0124B7AD3}.Debug|iPhone.Build.0 = Debug|Any CPU
		{48B8A569-2245-4C17-9866-ECA0124B7AD3}.Debug|iPhone.Deploy.0 = Debug|Any CPU
		{48B8A569-2245-4C17-9866-ECA0124B7AD3}.Debug|iPhoneSimulator.ActiveCfg = Debug|Any CPU
		{48B8A569-2245-4C17-9866-ECA0124B7AD3}.Debug|iPhoneSimulator.Build.0 = Debug|Any CPU
		{48B8A569-2245-4C17-9866-ECA0124B7AD3}.Debug|iPhoneSimulator.Deploy.0 = Debug|Any CPU
		{48B8A569-2245-4C17-9866-ECA0124B7AD3}.Debug|x64.ActiveCfg = Debug|Any CPU
		{48B8A569-2245-4C17-9866-ECA0124B7AD3}.Debug|x64.Build.0 = Debug|Any CPU
		{48B8A569-2245-4C17-9866-ECA0124B7AD3}.Debug|x64.Deploy.0 = Debug|Any CPU
		{48B8A569-2245-4C17-9866-ECA0124B7AD3}.Debug|x86.ActiveCfg = Debug|Any CPU
		{48B8A569-2245-4C17-9866-ECA0124B7AD3}.Debug|x86.Build.0 = Debug|Any CPU
		{48B8A569-2245-4C17-9866-ECA0124B7AD3}.Debug|x86.Deploy.0 = Debug|Any CPU
		{48B8A569-2245-4C17-9866-ECA0124B7AD3}.Release|Any CPU.ActiveCfg = Release|Any CPU
		{48B8A569-2245-4C17-9866-ECA0124B7AD3}.Release|Any CPU.Build.0 = Release|Any CPU
		{48B8A569-2245-4C17-9866-ECA0124B7AD3}.Release|Any CPU.Deploy.0 = Release|Any CPU
		{48B8A569-2245-4C17-9866-ECA0124B7AD3}.Release|ARM.ActiveCfg = Release|Any CPU
		{48B8A569-2245-4C17-9866-ECA0124B7AD3}.Release|ARM.Build.0 = Release|Any CPU
		{48B8A569-2245-4C17-9866-ECA0124B7AD3}.Release|ARM.Deploy.0 = Release|Any CPU
		{48B8A569-2245-4C17-9866-ECA0124B7AD3}.Release|iPhone.ActiveCfg = Release|Any CPU
		{48B8A569-2245-4C17-9866-ECA0124B7AD3}.Release|iPhone.Build.0 = Release|Any CPU
		{48B8A569-2245-4C17-9866-ECA0124B7AD3}.Release|iPhone.Deploy.0 = Release|Any CPU
		{48B8A569-2245-4C17-9866-ECA0124B7AD3}.Release|iPhoneSimulator.ActiveCfg = Release|Any CPU
		{48B8A569-2245-4C17-9866-ECA0124B7AD3}.Release|iPhoneSimulator.Build.0 = Release|Any CPU
		{48B8A569-2245-4C17-9866-ECA0124B7AD3}.Release|iPhoneSimulator.Deploy.0 = Release|Any CPU
		{48B8A569-2245-4C17-9866-ECA0124B7AD3}.Release|x64.ActiveCfg = Release|Any CPU
		{48B8A569-2245-4C17-9866-ECA0124B7AD3}.Release|x64.Build.0 = Release|Any CPU
		{48B8A569-2245-4C17-9866-ECA0124B7AD3}.Release|x64.Deploy.0 = Release|Any CPU
		{48B8A569-2245-4C17-9866-ECA0124B7AD3}.Release|x86.ActiveCfg = Release|Any CPU
		{48B8A569-2245-4C17-9866-ECA0124B7AD3}.Release|x86.Build.0 = Release|Any CPU
		{48B8A569-2245-4C17-9866-ECA0124B7AD3}.Release|x86.Deploy.0 = Release|Any CPU
	EndGlobalSection
	GlobalSection(SolutionProperties) = preSolution
		HideSolutionNode = FALSE
	EndGlobalSection
	GlobalSection(ExtensibilityGlobals) = postSolution
		SolutionGuid = {9FD9D5CC-4FE6-4BAE-BC53-C1FE748F6424}
	EndGlobalSection
EndGlobal
